{
  "name": "js-to-c",
  "version": "1.0.0",
  "lockfileVersion": 1,
  "requires": true,
  "dependencies": {
    "esparse": {
      "version": "0.2.2",
      "resolved": "https://registry.npmjs.org/esparse/-/esparse-0.2.2.tgz",
      "integrity": "sha512-mWehMGMXyITPslDUvFDpuGtNytMf0DOykCGx09KIP7JxCipKhN+fDKxmB2e/q/VGUar8n7eO1nBU3YWiKADvBA=="
    },
    "toml": {
      "version": "2.3.3",
      "resolved": "https://registry.npmjs.org/toml/-/toml-2.3.3.tgz",
      "integrity": "sha512-O7L5hhSQHxuufWUdcTRPfuTh3phKfAZ/dqfxZFoxPCj2RYmpaSGLEIs016FCXItQwNr08yefUB5TSjzRYnajTA=="
    }
  }
}
